
Microsoft Visual Studio Solution File, Format Version 12.00
# Visual Studio Version 17
VisualStudioVersion = 17.7.34221.43
MinimumVisualStudioVersion = 10.0.40219.1
Project("{9A19103F-16F7-4668-BE54-9A1E7A4F7556}") = "EventPlanning", "EventPlanning\EventPlanning.csproj", "{8E822D72-370F-44EE-ACA1-58AABB482BD1}"
EndProject
Global
	GlobalSection(SolutionConfigurationPlatforms) = preSolution
		Debug|Any CPU = Debug|Any CPU
		Release|Any CPU = Release|Any CPU
	EndGlobalSection
	GlobalSection(ProjectConfigurationPlatforms) = postSolution
		{8E822D72-370F-44EE-ACA1-58AABB482BD1}.Debug|Any CPU.ActiveCfg = Debug|Any CPU
		{8E822D72-370F-44EE-ACA1-58AABB482BD1}.Debug|Any CPU.Build.0 = Debug|Any CPU
		{8E822D72-370F-44EE-ACA1-58AABB482BD1}.Release|Any CPU.ActiveCfg = Release|Any CPU
		{8E822D72-370F-44EE-ACA1-58AABB482BD1}.Release|Any CPU.Build.0 = Release|Any CPU
	EndGlobalSection
	GlobalSection(SolutionProperties) = preSolution
		HideSolutionNode = FALSE
	EndGlobalSection
	GlobalSection(ExtensibilityGlobals) = postSolution
		SolutionGuid = {C65AA035-1C74-44E8-8219-EB6F83D6A333}
	EndGlobalSection
EndGlobal
